
Microsoft Visual Studio Solution File, Format Version 12.00
# Visual Studio Version 17
VisualStudioVersion = 17.11.35208.52
MinimumVisualStudioVersion = 10.0.40219.1
Project("{FAE04EC0-301F-11D3-BF4B-00C04F79EFBC}") = "Ders01_MerhabaDunya", "Ders01_MerhabaDunya\Ders01_MerhabaDunya.csproj", "{824DD255-EB74-4FF8-AC7F-A3930DA8C533}"
EndProject
Project("{FAE04EC0-301F-11D3-BF4B-00C04F79EFBC}") = "Ders02_Degiskenler", "Ders02_Degiskenler\Ders02_Degiskenler.csproj", "{316B5E78-01EC-4CEC-9CC9-10BB059407CE}"
EndProject
Project("{FAE04EC0-301F-11D3-BF4B-00C04F79EFBC}") = "Ders02_Degiskenler_AlanHesaplama", "Ders02_Degiskenler_AlanHesaplama\Ders02_Degiskenler_AlanHesaplama.csproj", "{A1930CDC-3C36-4A52-BC58-DFD94FB73D8D}"
EndProject
Project("{FAE04EC0-301F-11D3-BF4B-00C04F79EFBC}") = "Ders02_Degiskenler_Double", "Ders02_Degiskenler_Double\Ders02_Degiskenler_Double.csproj", "{43DE42C3-CEFA-46B7-9A38-B0DF0B24451D}"
EndProject
Project("{FAE04EC0-301F-11D3-BF4B-00C04F79EFBC}") = "Ders03_If", "Ders03_If\Ders03_If.csproj", "{C3D59B63-ECBA-409B-9D2B-DB446BE20CAA}"
EndProject
Project("{FAE04EC0-301F-11D3-BF4B-00C04F79EFBC}") = "Ders03_If_Else", "Ders03_If_Else\Ders03_If_Else.csproj", "{4A8A246F-447B-490D-BCA8-A1D7B744C2B5}"
EndProject
Project("{FAE04EC0-301F-11D3-BF4B-00C04F79EFBC}") = "Ders03_If_Else2", "Ders03_If_Else2\Ders03_If_Else2.csproj", "{D87E6EEA-4CBC-4BA7-B541-1385EEB8910A}"
EndProject
Project("{FAE04EC0-301F-11D3-BF4B-00C04F79EFBC}") = "Ders03_If_Else3", "Ders03_If_Else3\Ders03_If_Else3.csproj", "{42F51B93-7F21-4444-8BD9-A95DB248DA87}"
EndProject
Project("{FAE04EC0-301F-11D3-BF4B-00C04F79EFBC}") = "Ders03_If_Else4", "Ders03_If_Else4\Ders03_If_Else4.csproj", "{4DD2D799-F794-44CA-BF7A-AA1834221367}"
EndProject
Project("{FAE04EC0-301F-11D3-BF4B-00C04F79EFBC}") = "Ders04_If_Else_If", "Ders04_If_Else_If\Ders04_If_Else_If.csproj", "{65D9BBE5-79AC-4320-8A46-4DA50D6CA0AA}"
EndProject
Project("{FAE04EC0-301F-11D3-BF4B-00C04F79EFBC}") = "Ders04_If_Else_If2", "Ders04_If_Else_If2\Ders04_If_Else_If2.csproj", "{1B64C387-D5C0-4245-B782-48A2114B2513}"
EndProject
Project("{FAE04EC0-301F-11D3-BF4B-00C04F79EFBC}") = "Ders04_If_Else_If3", "Ders04_If_Else_If3\Ders04_If_Else_If3.csproj", "{D80B78F3-D0C1-441D-8051-F4BE77147675}"
EndProject
Project("{FAE04EC0-301F-11D3-BF4B-00C04F79EFBC}") = "Ders04_If_Else_If4", "Ders04_If_Else_If4\Ders04_If_Else_If4.csproj", "{20890D26-93DD-4BFB-AB9C-18FF91FD9467}"
EndProject
Project("{FAE04EC0-301F-11D3-BF4B-00C04F79EFBC}") = "Ders04_If_Else_If5", "Ders04_If_Else_If5\Ders04_If_Else_If5.csproj", "{D051579A-0E0E-4C9F-B583-445FEE9B53AD}"
EndProject
Project("{FAE04EC0-301F-11D3-BF4B-00C04F79EFBC}") = "Ders04_If_Else_If6", "Ders04_If_Else_If6\Ders04_If_Else_If6.csproj", "{D564A5AE-6B41-445B-BA01-FA9457C48AF4}"
EndProject
Global
	GlobalSection(SolutionConfigurationPlatforms) = preSolution
		Debug|Any CPU = Debug|Any CPU
		Release|Any CPU = Release|Any CPU
	EndGlobalSection
	GlobalSection(ProjectConfigurationPlatforms) = postSolution
		{824DD255-EB74-4FF8-AC7F-A3930DA8C533}.Debug|Any CPU.ActiveCfg = Debug|Any CPU
		{824DD255-EB74-4FF8-AC7F-A3930DA8C533}.Debug|Any CPU.Build.0 = Debug|Any CPU
		{824DD255-EB74-4FF8-AC7F-A3930DA8C533}.Release|Any CPU.ActiveCfg = Release|Any CPU
		{824DD255-EB74-4FF8-AC7F-A3930DA8C533}.Release|Any CPU.Build.0 = Release|Any CPU
		{316B5E78-01EC-4CEC-9CC9-10BB059407CE}.Debug|Any CPU.ActiveCfg = Debug|Any CPU
		{316B5E78-01EC-4CEC-9CC9-10BB059407CE}.Debug|Any CPU.Build.0 = Debug|Any CPU
		{316B5E78-01EC-4CEC-9CC9-10BB059407CE}.Release|Any CPU.ActiveCfg = Release|Any CPU
		{316B5E78-01EC-4CEC-9CC9-10BB059407CE}.Release|Any CPU.Build.0 = Release|Any CPU
		{A1930CDC-3C36-4A52-BC58-DFD94FB73D8D}.Debug|Any CPU.ActiveCfg = Debug|Any CPU
		{A1930CDC-3C36-4A52-BC58-DFD94FB73D8D}.Debug|Any CPU.Build.0 = Debug|Any CPU
		{A1930CDC-3C36-4A52-BC58-DFD94FB73D8D}.Release|Any CPU.ActiveCfg = Release|Any CPU
		{A1930CDC-3C36-4A52-BC58-DFD94FB73D8D}.Release|Any CPU.Build.0 = Release|Any CPU
		{43DE42C3-CEFA-46B7-9A38-B0DF0B24451D}.Debug|Any CPU.ActiveCfg = Debug|Any CPU
		{43DE42C3-CEFA-46B7-9A38-B0DF0B24451D}.Debug|Any CPU.Build.0 = Debug|Any CPU
		{43DE42C3-CEFA-46B7-9A38-B0DF0B24451D}.Release|Any CPU.ActiveCfg = Release|Any CPU
		{43DE42C3-CEFA-46B7-9A38-B0DF0B24451D}.Release|Any CPU.Build.0 = Release|Any CPU
		{C3D59B63-ECBA-409B-9D2B-DB446BE20CAA}.Debug|Any CPU.ActiveCfg = Debug|Any CPU
		{C3D59B63-ECBA-409B-9D2B-DB446BE20CAA}.Debug|Any CPU.Build.0 = Debug|Any CPU
		{C3D59B63-ECBA-409B-9D2B-DB446BE20CAA}.Release|Any CPU.ActiveCfg = Release|Any CPU
		{C3D59B63-ECBA-409B-9D2B-DB446BE20CAA}.Release|Any CPU.Build.0 = Release|Any CPU
		{4A8A246F-447B-490D-BCA8-A1D7B744C2B5}.Debug|Any CPU.ActiveCfg = Debug|Any CPU
		{4A8A246F-447B-490D-BCA8-A1D7B744C2B5}.Debug|Any CPU.Build.0 = Debug|Any CPU
		{4A8A246F-447B-490D-BCA8-A1D7B744C2B5}.Release|Any CPU.ActiveCfg = Release|Any CPU
		{4A8A246F-447B-490D-BCA8-A1D7B744C2B5}.Release|Any CPU.Build.0 = Release|Any CPU
		{D87E6EEA-4CBC-4BA7-B541-1385EEB8910A}.Debug|Any CPU.ActiveCfg = Debug|Any CPU
		{D87E6EEA-4CBC-4BA7-B541-1385EEB8910A}.Debug|Any CPU.Build.0 = Debug|Any CPU
		{D87E6EEA-4CBC-4BA7-B541-1385EEB8910A}.Release|Any CPU.ActiveCfg = Release|Any CPU
		{D87E6EEA-4CBC-4BA7-B541-1385EEB8910A}.Release|Any CPU.Build.0 = Release|Any CPU
		{42F51B93-7F21-4444-8BD9-A95DB248DA87}.Debug|Any CPU.ActiveCfg = Debug|Any CPU
		{42F51B93-7F21-4444-8BD9-A95DB248DA87}.Debug|Any CPU.Build.0 = Debug|Any CPU
		{42F51B93-7F21-4444-8BD9-A95DB248DA87}.Release|Any CPU.ActiveCfg = Release|Any CPU
		{42F51B93-7F21-4444-8BD9-A95DB248DA87}.Release|Any CPU.Build.0 = Release|Any CPU
		{4DD2D799-F794-44CA-BF7A-AA1834221367}.Debug|Any CPU.ActiveCfg = Debug|Any CPU
		{4DD2D799-F794-44CA-BF7A-AA1834221367}.Debug|Any CPU.Build.0 = Debug|Any CPU
		{4DD2D799-F794-44CA-BF7A-AA1834221367}.Release|Any CPU.ActiveCfg = Release|Any CPU
		{4DD2D799-F794-44CA-BF7A-AA1834221367}.Release|Any CPU.Build.0 = Release|Any CPU
		{65D9BBE5-79AC-4320-8A46-4DA50D6CA0AA}.Debug|Any CPU.ActiveCfg = Debug|Any CPU
		{65D9BBE5-79AC-4320-8A46-4DA50D6CA0AA}.Debug|Any CPU.Build.0 = Debug|Any CPU
		{65D9BBE5-79AC-4320-8A46-4DA50D6CA0AA}.Release|Any CPU.ActiveCfg = Release|Any CPU
		{65D9BBE5-79AC-4320-8A46-4DA50D6CA0AA}.Release|Any CPU.Build.0 = Release|Any CPU
		{1B64C387-D5C0-4245-B782-48A2114B2513}.Debug|Any CPU.ActiveCfg = Debug|Any CPU
		{1B64C387-D5C0-4245-B782-48A2114B2513}.Debug|Any CPU.Build.0 = Debug|Any CPU
		{1B64C387-D5C0-4245-B782-48A2114B2513}.Release|Any CPU.ActiveCfg = Release|Any CPU
		{1B64C387-D5C0-4245-B782-48A2114B2513}.Release|Any CPU.Build.0 = Release|Any CPU
		{D80B78F3-D0C1-441D-8051-F4BE77147675}.Debug|Any CPU.ActiveCfg = Debug|Any CPU
		{D80B78F3-D0C1-441D-8051-F4BE77147675}.Debug|Any CPU.Build.0 = Debug|Any CPU
		{D80B78F3-D0C1-441D-8051-F4BE77147675}.Release|Any CPU.ActiveCfg = Release|Any CPU
		{D80B78F3-D0C1-441D-8051-F4BE77147675}.Release|Any CPU.Build.0 = Release|Any CPU
		{20890D26-93DD-4BFB-AB9C-18FF91FD9467}.Debug|Any CPU.ActiveCfg = Debug|Any CPU
		{20890D26-93DD-4BFB-AB9C-18FF91FD9467}.Debug|Any CPU.Build.0 = Debug|Any CPU
		{20890D26-93DD-4BFB-AB9C-18FF91FD9467}.Release|Any CPU.ActiveCfg = Release|Any CPU
		{20890D26-93DD-4BFB-AB9C-18FF91FD9467}.Release|Any CPU.Build.0 = Release|Any CPU
		{D051579A-0E0E-4C9F-B583-445FEE9B53AD}.Debug|Any CPU.ActiveCfg = Debug|Any CPU
		{D051579A-0E0E-4C9F-B583-445FEE9B53AD}.Debug|Any CPU.Build.0 = Debug|Any CPU
		{D051579A-0E0E-4C9F-B583-445FEE9B53AD}.Release|Any CPU.ActiveCfg = Release|Any CPU
		{D051579A-0E0E-4C9F-B583-445FEE9B53AD}.Release|Any CPU.Build.0 = Release|Any CPU
		{D564A5AE-6B41-445B-BA01-FA9457C48AF4}.Debug|Any CPU.ActiveCfg = Debug|Any CPU
		{D564A5AE-6B41-445B-BA01-FA9457C48AF4}.Debug|Any CPU.Build.0 = Debug|Any CPU
		{D564A5AE-6B41-445B-BA01-FA9457C48AF4}.Release|Any CPU.ActiveCfg = Release|Any CPU
		{D564A5AE-6B41-445B-BA01-FA9457C48AF4}.Release|Any CPU.Build.0 = Release|Any CPU
	EndGlobalSection
	GlobalSection(SolutionProperties) = preSolution
		HideSolutionNode = FALSE
	EndGlobalSection
	GlobalSection(ExtensibilityGlobals) = postSolution
		SolutionGuid = {FAABF05B-0685-4F86-9708-06F20F6AE6F7}
	EndGlobalSection
EndGlobal
